
Microsoft Visual Studio Solution File, Format Version 12.00
# Visual Studio Version 17
VisualStudioVersion = 17.3.32922.545
MinimumVisualStudioVersion = 10.0.40219.1
Project("{9A19103F-16F7-4668-BE54-9A1E7A4F7556}") = "C6XSDH_HFT_2021222.Client", "C6XSDH_HFT_2021222.Client\C6XSDH_HFT_2021222.Client.csproj", "{46996D6A-5079-4F8C-BA41-E36FEA44049C}"
EndProject
Project("{9A19103F-16F7-4668-BE54-9A1E7A4F7556}") = "C6XSDH_HFT_2021222.Models", "C6XSDH_HFT_2021222.Models\C6XSDH_HFT_2021222.Models.csproj", "{EE848D4C-2B7C-4265-9B70-54849B351D26}"
EndProject
Project("{9A19103F-16F7-4668-BE54-9A1E7A4F7556}") = "C6XSDH_HFT_2021222.Logic", "C6XSDH_HFT_2021222.Logic\C6XSDH_HFT_2021222.Logic.csproj", "{1A167F1F-ED11-4816-B04E-F51309267221}"
EndProject
Project("{9A19103F-16F7-4668-BE54-9A1E7A4F7556}") = "C6XSDH_HFT_2021222.Repository", "C6XSDH_HFT_2021222.Repository\C6XSDH_HFT_2021222.Repository.csproj", "{229C84CD-354A-4DD4-BEFC-83676BD7D455}"
EndProject
Project("{9A19103F-16F7-4668-BE54-9A1E7A4F7556}") = "C6XSDH_HFT_2021222.Test", "C6XSDH_HFT_2021222.Test\C6XSDH_HFT_2021222.Test.csproj", "{A2A81F39-0F25-4C63-92F6-2541EE778625}"
EndProject
Project("{9A19103F-16F7-4668-BE54-9A1E7A4F7556}") = "C6XSDH_HFT_2021222.Endpoint", "C6XSDH_HFT_2021222.Endpoint\C6XSDH_HFT_2021222.Endpoint.csproj", "{82D69839-03B3-45E9-8912-31DC43683EBF}"
EndProject
Project("{2150E333-8FDC-42A3-9474-1A3956D46DE8}") = "Backend", "Backend", "{4016109A-3D8E-497F-A84C-F04F0DA0FD02}"
EndProject
Project("{2150E333-8FDC-42A3-9474-1A3956D46DE8}") = "Frontend", "Frontend", "{7BBF1106-1431-41B1-A92B-CEDB90309C46}"
EndProject
Project("{2150E333-8FDC-42A3-9474-1A3956D46DE8}") = "Shared", "Shared", "{DB408DE0-E8A5-49AE-B0A3-D879A9B25465}"
EndProject
Project("{2150E333-8FDC-42A3-9474-1A3956D46DE8}") = "Others", "Others", "{7287BCFC-4BE2-4564-B313-DB7B485F9403}"
	ProjectSection(SolutionItems) = preProject
		.gitignore = .gitignore
	EndProjectSection
EndProject
Project("{9A19103F-16F7-4668-BE54-9A1E7A4F7556}") = "C6XSDH_HFT_2021222.WPFClient", "WPF_Client\C6XSDH_HFT_2021222.WPFClient.csproj", "{63468F70-EC7A-44F7-9434-9F3C8DD41304}"
EndProject
Global
	GlobalSection(SolutionConfigurationPlatforms) = preSolution
		Debug|Any CPU = Debug|Any CPU
		Release|Any CPU = Release|Any CPU
	EndGlobalSection
	GlobalSection(ProjectConfigurationPlatforms) = postSolution
		{46996D6A-5079-4F8C-BA41-E36FEA44049C}.Debug|Any CPU.ActiveCfg = Debug|Any CPU
		{46996D6A-5079-4F8C-BA41-E36FEA44049C}.Debug|Any CPU.Build.0 = Debug|Any CPU
		{46996D6A-5079-4F8C-BA41-E36FEA44049C}.Release|Any CPU.ActiveCfg = Release|Any CPU
		{46996D6A-5079-4F8C-BA41-E36FEA44049C}.Release|Any CPU.Build.0 = Release|Any CPU
		{EE848D4C-2B7C-4265-9B70-54849B351D26}.Debug|Any CPU.ActiveCfg = Debug|Any CPU
		{EE848D4C-2B7C-4265-9B70-54849B351D26}.Debug|Any CPU.Build.0 = Debug|Any CPU
		{EE848D4C-2B7C-4265-9B70-54849B351D26}.Release|Any CPU.ActiveCfg = Release|Any CPU
		{EE848D4C-2B7C-4265-9B70-54849B351D26}.Release|Any CPU.Build.0 = Release|Any CPU
		{1A167F1F-ED11-4816-B04E-F51309267221}.Debug|Any CPU.ActiveCfg = Debug|Any CPU
		{1A167F1F-ED11-4816-B04E-F51309267221}.Debug|Any CPU.Build.0 = Debug|Any CPU
		{1A167F1F-ED11-4816-B04E-F51309267221}.Release|Any CPU.ActiveCfg = Release|Any CPU
		{1A167F1F-ED11-4816-B04E-F51309267221}.Release|Any CPU.Build.0 = Release|Any CPU
		{229C84CD-354A-4DD4-BEFC-83676BD7D455}.Debug|Any CPU.ActiveCfg = Debug|Any CPU
		{229C84CD-354A-4DD4-BEFC-83676BD7D455}.Debug|Any CPU.Build.0 = Debug|Any CPU
		{229C84CD-354A-4DD4-BEFC-83676BD7D455}.Release|Any CPU.ActiveCfg = Release|Any CPU
		{229C84CD-354A-4DD4-BEFC-83676BD7D455}.Release|Any CPU.Build.0 = Release|Any CPU
		{A2A81F39-0F25-4C63-92F6-2541EE778625}.Debug|Any CPU.ActiveCfg = Debug|Any CPU
		{A2A81F39-0F25-4C63-92F6-2541EE778625}.Debug|Any CPU.Build.0 = Debug|Any CPU
		{A2A81F39-0F25-4C63-92F6-2541EE778625}.Release|Any CPU.ActiveCfg = Release|Any CPU
		{A2A81F39-0F25-4C63-92F6-2541EE778625}.Release|Any CPU.Build.0 = Release|Any CPU
		{82D69839-03B3-45E9-8912-31DC43683EBF}.Debug|Any CPU.ActiveCfg = Debug|Any CPU
		{82D69839-03B3-45E9-8912-31DC43683EBF}.Debug|Any CPU.Build.0 = Debug|Any CPU
		{82D69839-03B3-45E9-8912-31DC43683EBF}.Release|Any CPU.ActiveCfg = Release|Any CPU
		{82D69839-03B3-45E9-8912-31DC43683EBF}.Release|Any CPU.Build.0 = Release|Any CPU
		{63468F70-EC7A-44F7-9434-9F3C8DD41304}.Debug|Any CPU.ActiveCfg = Debug|Any CPU
		{63468F70-EC7A-44F7-9434-9F3C8DD41304}.Debug|Any CPU.Build.0 = Debug|Any CPU
		{63468F70-EC7A-44F7-9434-9F3C8DD41304}.Release|Any CPU.ActiveCfg = Release|Any CPU
		{63468F70-EC7A-44F7-9434-9F3C8DD41304}.Release|Any CPU.Build.0 = Release|Any CPU
	EndGlobalSection
	GlobalSection(SolutionProperties) = preSolution
		HideSolutionNode = FALSE
	EndGlobalSection
	GlobalSection(NestedProjects) = preSolution
		{46996D6A-5079-4F8C-BA41-E36FEA44049C} = {7BBF1106-1431-41B1-A92B-CEDB90309C46}
		{EE848D4C-2B7C-4265-9B70-54849B351D26} = {DB408DE0-E8A5-49AE-B0A3-D879A9B25465}
		{1A167F1F-ED11-4816-B04E-F51309267221} = {4016109A-3D8E-497F-A84C-F04F0DA0FD02}
		{229C84CD-354A-4DD4-BEFC-83676BD7D455} = {4016109A-3D8E-497F-A84C-F04F0DA0FD02}
		{A2A81F39-0F25-4C63-92F6-2541EE778625} = {4016109A-3D8E-497F-A84C-F04F0DA0FD02}
		{82D69839-03B3-45E9-8912-31DC43683EBF} = {4016109A-3D8E-497F-A84C-F04F0DA0FD02}
		{63468F70-EC7A-44F7-9434-9F3C8DD41304} = {7BBF1106-1431-41B1-A92B-CEDB90309C46}
	EndGlobalSection
	GlobalSection(ExtensibilityGlobals) = postSolution
		SolutionGuid = {168C5C5A-B460-4588-8794-DC65592546DA}
	EndGlobalSection
EndGlobal
